
Microsoft Visual Studio Solution File, Format Version 12.00
# Visual Studio Version 17
VisualStudioVersion = 17.4.33213.308
MinimumVisualStudioVersion = 10.0.40219.1
Project("{9A19103F-16F7-4668-BE54-9A1E7A4F7556}") = "Presentation", "lab 4-5\Presentation.csproj", "{CD76CE30-AAF7-49DA-9E76-E7ED04007AFF}"
EndProject
Project("{9A19103F-16F7-4668-BE54-9A1E7A4F7556}") = "Data", "Data\Data.csproj", "{5504E67D-C3E4-48D2-836C-07ED20689AEF}"
EndProject
Project("{9A19103F-16F7-4668-BE54-9A1E7A4F7556}") = "Domain", "Doamin\Domain.csproj", "{A9455FBE-ABB8-46BD-91D0-793891E45A69}"
EndProject
Global
	GlobalSection(SolutionConfigurationPlatforms) = preSolution
		Debug|Any CPU = Debug|Any CPU
		Release|Any CPU = Release|Any CPU
	EndGlobalSection
	GlobalSection(ProjectConfigurationPlatforms) = postSolution
		{CD76CE30-AAF7-49DA-9E76-E7ED04007AFF}.Debug|Any CPU.ActiveCfg = Debug|Any CPU
		{CD76CE30-AAF7-49DA-9E76-E7ED04007AFF}.Debug|Any CPU.Build.0 = Debug|Any CPU
		{CD76CE30-AAF7-49DA-9E76-E7ED04007AFF}.Release|Any CPU.ActiveCfg = Release|Any CPU
		{CD76CE30-AAF7-49DA-9E76-E7ED04007AFF}.Release|Any CPU.Build.0 = Release|Any CPU
		{5504E67D-C3E4-48D2-836C-07ED20689AEF}.Debug|Any CPU.ActiveCfg = Debug|Any CPU
		{5504E67D-C3E4-48D2-836C-07ED20689AEF}.Debug|Any CPU.Build.0 = Debug|Any CPU
		{5504E67D-C3E4-48D2-836C-07ED20689AEF}.Release|Any CPU.ActiveCfg = Release|Any CPU
		{5504E67D-C3E4-48D2-836C-07ED20689AEF}.Release|Any CPU.Build.0 = Release|Any CPU
		{A9455FBE-ABB8-46BD-91D0-793891E45A69}.Debug|Any CPU.ActiveCfg = Debug|Any CPU
		{A9455FBE-ABB8-46BD-91D0-793891E45A69}.Debug|Any CPU.Build.0 = Debug|Any CPU
		{A9455FBE-ABB8-46BD-91D0-793891E45A69}.Release|Any CPU.ActiveCfg = Release|Any CPU
		{A9455FBE-ABB8-46BD-91D0-793891E45A69}.Release|Any CPU.Build.0 = Release|Any CPU
	EndGlobalSection
	GlobalSection(SolutionProperties) = preSolution
		HideSolutionNode = FALSE
	EndGlobalSection
	GlobalSection(ExtensibilityGlobals) = postSolution
		SolutionGuid = {D4004A2C-FA82-4976-BC0E-632829434CB7}
	EndGlobalSection
EndGlobal
